// !$*UTF8*$!
{
	archiveVersion = 1;
	classes = {
	};
	objectVersion = 46;
	objects = {

/* Begin PBXBuildFile section */
		D27320501C8B102700E8E5E9 /* AppDelegate.swift in Sources */ = {isa = PBXBuildFile; fileRef = D273204F1C8B102700E8E5E9 /* AppDelegate.swift */; };
		D27320571C8B102700E8E5E9 /* Assets.xcassets in Resources */ = {isa = PBXBuildFile; fileRef = D27320561C8B102700E8E5E9 /* Assets.xcassets */; };
		D273205A1C8B102700E8E5E9 /* LaunchScreen.storyboard in Resources */ = {isa = PBXBuildFile; fileRef = D27320581C8B102700E8E5E9 /* LaunchScreen.storyboard */; };
		D27320661C8B109E00E8E5E9 /* HandVC.swift in Sources */ = {isa = PBXBuildFile; fileRef = D27320651C8B109E00E8E5E9 /* HandVC.swift */; };
		D27320691C8B10AA00E8E5E9 /* Card.swift in Sources */ = {isa = PBXBuildFile; fileRef = D27320671C8B10AA00E8E5E9 /* Card.swift */; };
		D273206A1C8B10AA00E8E5E9 /* Hand.swift in Sources */ = {isa = PBXBuildFile; fileRef = D27320681C8B10AA00E8E5E9 /* Hand.swift */; };
		D273206C1C8B10B300E8E5E9 /* CardCell.swift in Sources */ = {isa = PBXBuildFile; fileRef = D273206B1C8B10B300E8E5E9 /* CardCell.swift */; };
		D273206E1C8B1C0600E8E5E9 /* DataSource.swift in Sources */ = {isa = PBXBuildFile; fileRef = D273206D1C8B1C0600E8E5E9 /* DataSource.swift */; };
		D27320701C8B1EA900E8E5E9 /* SourceType.swift in Sources */ = {isa = PBXBuildFile; fileRef = D273206F1C8B1EA900E8E5E9 /* SourceType.swift */; };
		D27320751C8B207300E8E5E9 /* DataType.swift in Sources */ = {isa = PBXBuildFile; fileRef = D27320741C8B207300E8E5E9 /* DataType.swift */; };
		D27320771C8B37DE00E8E5E9 /* HandDataSource.swift in Sources */ = {isa = PBXBuildFile; fileRef = D27320761C8B37DE00E8E5E9 /* HandDataSource.swift */; };
/* End PBXBuildFile section */

/* Begin PBXFileReference section */
		D273204C1C8B102700E8E5E9 /* BlendingCultures-After.app */ = {isa = PBXFileReference; explicitFileType = wrapper.application; includeInIndex = 0; path = "BlendingCultures-After.app"; sourceTree = BUILT_PRODUCTS_DIR; };
		D273204F1C8B102700E8E5E9 /* AppDelegate.swift */ = {isa = PBXFileReference; lastKnownFileType = sourcecode.swift; path = AppDelegate.swift; sourceTree = "<group>"; };
		D27320561C8B102700E8E5E9 /* Assets.xcassets */ = {isa = PBXFileReference; lastKnownFileType = folder.assetcatalog; path = Assets.xcassets; sourceTree = "<group>"; };
		D27320591C8B102700E8E5E9 /* Base */ = {isa = PBXFileReference; lastKnownFileType = file.storyboard; name = Base; path = Base.lproj/LaunchScreen.storyboard; sourceTree = "<group>"; };
		D273205B1C8B102700E8E5E9 /* Info.plist */ = {isa = PBXFileReference; lastKnownFileType = text.plist.xml; path = Info.plist; sourceTree = "<group>"; };
		D27320651C8B109E00E8E5E9 /* HandVC.swift */ = {isa = PBXFileReference; fileEncoding = 4; lastKnownFileType = sourcecode.swift; name = HandVC.swift; path = Classes/Controllers/HandVC.swift; sourceTree = "<group>"; };
		D27320671C8B10AA00E8E5E9 /* Card.swift */ = {isa = PBXFileReference; fileEncoding = 4; lastKnownFileType = sourcecode.swift; name = Card.swift; path = Classes/Models/Card.swift; sourceTree = "<group>"; };
		D27320681C8B10AA00E8E5E9 /* Hand.swift */ = {isa = PBXFileReference; fileEncoding = 4; lastKnownFileType = sourcecode.swift; name = Hand.swift; path = Classes/Models/Hand.swift; sourceTree = "<group>"; };
		D273206B1C8B10B300E8E5E9 /* CardCell.swift */ = {isa = PBXFileReference; fileEncoding = 4; lastKnownFileType = sourcecode.swift; name = CardCell.swift; path = Classes/Views/CardCell.swift; sourceTree = "<group>"; };
		D273206D1C8B1C0600E8E5E9 /* DataSource.swift */ = {isa = PBXFileReference; fileEncoding = 4; lastKnownFileType = sourcecode.swift; name = DataSource.swift; path = Classes/Models/DataSource.swift; sourceTree = "<group>"; };
		D273206F1C8B1EA900E8E5E9 /* SourceType.swift */ = {isa = PBXFileReference; fileEncoding = 4; lastKnownFileType = sourcecode.swift; name = SourceType.swift; path = Classes/Models/SourceType.swift; sourceTree = "<group>"; };
		D27320741C8B207300E8E5E9 /* DataType.swift */ = {isa = PBXFileReference; fileEncoding = 4; lastKnownFileType = sourcecode.swift; name = DataType.swift; path = Classes/Models/DataType.swift; sourceTree = "<group>"; };
		D27320761C8B37DE00E8E5E9 /* HandDataSource.swift */ = {isa = PBXFileReference; fileEncoding = 4; lastKnownFileType = sourcecode.swift; name = HandDataSource.swift; path = Classes/Models/HandDataSource.swift; sourceTree = "<group>"; };
/* End PBXFileReference section */

/* Begin PBXFrameworksBuildPhase section */
		D27320491C8B102700E8E5E9 /* Frameworks */ = {
			isa = PBXFrameworksBuildPhase;
			buildActionMask = 2147483647;
			files = (
			);
			runOnlyForDeploymentPostprocessing = 0;
		};
/* End PBXFrameworksBuildPhase section */

/* Begin PBXGroup section */
		D27320431C8B102700E8E5E9 = {
			isa = PBXGroup;
			children = (
				D273204E1C8B102700E8E5E9 /* BlendingCultures-After */,
				D273204D1C8B102700E8E5E9 /* Products */,
			);
			sourceTree = "<group>";
		};
		D273204D1C8B102700E8E5E9 /* Products */ = {
			isa = PBXGroup;
			children = (
				D273204C1C8B102700E8E5E9 /* BlendingCultures-After.app */,
			);
			name = Products;
			sourceTree = "<group>";
		};
		D273204E1C8B102700E8E5E9 /* BlendingCultures-After */ = {
			isa = PBXGroup;
			children = (
				D273204F1C8B102700E8E5E9 /* AppDelegate.swift */,
				D27320611C8B104F00E8E5E9 /* Classes */,
				D27320561C8B102700E8E5E9 /* Assets.xcassets */,
				D27320581C8B102700E8E5E9 /* LaunchScreen.storyboard */,
				D273205B1C8B102700E8E5E9 /* Info.plist */,
			);
			path = "BlendingCultures-After";
			sourceTree = "<group>";
		};
		D27320611C8B104F00E8E5E9 /* Classes */ = {
			isa = PBXGroup;
			children = (
				D27320641C8B106600E8E5E9 /* Views */,
				D27320631C8B106100E8E5E9 /* Models */,
				D27320621C8B105800E8E5E9 /* Controllers */,
			);
			name = Classes;
			sourceTree = "<group>";
		};
		D27320621C8B105800E8E5E9 /* Controllers */ = {
			isa = PBXGroup;
			children = (
				D27320651C8B109E00E8E5E9 /* HandVC.swift */,
			);
			name = Controllers;
			sourceTree = "<group>";
		};
		D27320631C8B106100E8E5E9 /* Models */ = {
			isa = PBXGroup;
			children = (
				D27320671C8B10AA00E8E5E9 /* Card.swift */,
				D27320681C8B10AA00E8E5E9 /* Hand.swift */,
				D27320741C8B207300E8E5E9 /* DataType.swift */,
				D273206D1C8B1C0600E8E5E9 /* DataSource.swift */,
				D27320761C8B37DE00E8E5E9 /* HandDataSource.swift */,
				D273206F1C8B1EA900E8E5E9 /* SourceType.swift */,
			);
			name = Models;
			sourceTree = "<group>";
		};
		D27320641C8B106600E8E5E9 /* Views */ = {
			isa = PBXGroup;
			children = (
				D273206B1C8B10B300E8E5E9 /* CardCell.swift */,
			);
			name = Views;
			sourceTree = "<group>";
		};
/* End PBXGroup section */

/* Begin PBXNativeTarget section */
		D273204B1C8B102700E8E5E9 /* BlendingCultures-After */ = {
			isa = PBXNativeTarget;
			buildConfigurationList = D273205E1C8B102700E8E5E9 /* Build configuration list for PBXNativeTarget "BlendingCultures-After" */;
			buildPhases = (
				D27320481C8B102700E8E5E9 /* Sources */,
				D27320491C8B102700E8E5E9 /* Frameworks */,
				D273204A1C8B102700E8E5E9 /* Resources */,
			);
			buildRules = (
			);
			dependencies = (
			);
			name = "BlendingCultures-After";
			productName = "BlendingCultures-After";
			productReference = D273204C1C8B102700E8E5E9 /* BlendingCultures-After.app */;
			productType = "com.apple.product-type.application";
		};
/* End PBXNativeTarget section */

/* Begin PBXProject section */
		D27320441C8B102700E8E5E9 /* Project object */ = {
			isa = PBXProject;
			attributes = {
				LastSwiftUpdateCheck = 0720;
				LastUpgradeCheck = 0720;
				ORGANIZATIONNAME = Karuta;
				TargetAttributes = {
					D273204B1C8B102700E8E5E9 = {
						CreatedOnToolsVersion = 7.2;
					};
				};
			};
			buildConfigurationList = D27320471C8B102700E8E5E9 /* Build configuration list for PBXProject "BlendingCultures-After" */;
			compatibilityVersion = "Xcode 3.2";
			developmentRegion = English;
			hasScannedForEncodings = 0;
			knownRegions = (
				en,
				Base,
			);
			mainGroup = D27320431C8B102700E8E5E9;
			productRefGroup = D273204D1C8B102700E8E5E9 /* Products */;
			projectDirPath = "";
			projectRoot = "";
			targets = (
				D273204B1C8B102700E8E5E9 /* BlendingCultures-After */,
			);
		};
/* End PBXProject section */

/* Begin PBXResourcesBuildPhase section */
		D273204A1C8B102700E8E5E9 /* Resources */ = {
			isa = PBXResourcesBuildPhase;
			buildActionMask = 2147483647;
			files = (
				D273205A1C8B102700E8E5E9 /* LaunchScreen.storyboard in Resources */,
				D27320571C8B102700E8E5E9 /* Assets.xcassets in Resources */,
			);
			runOnlyForDeploymentPostprocessing = 0;
		};
/* End PBXResourcesBuildPhase section */

/* Begin PBXSourcesBuildPhase section */
		D27320481C8B102700E8E5E9 /* Sources */ = {
			isa = PBXSourcesBuildPhase;
			buildActionMask = 2147483647;
			files = (
				D273206E1C8B1C0600E8E5E9 /* DataSource.swift in Sources */,
				D273206C1C8B10B300E8E5E9 /* CardCell.swift in Sources */,
				D273206A1C8B10AA00E8E5E9 /* Hand.swift in Sources */,
				D27320771C8B37DE00E8E5E9 /* HandDataSource.swift in Sources */,
				D27320701C8B1EA900E8E5E9 /* SourceType.swift in Sources */,
				D27320501C8B102700E8E5E9 /* AppDelegate.swift in Sources */,
				D27320751C8B207300E8E5E9 /* DataType.swift in Sources */,
				D27320691C8B10AA00E8E5E9 /* Card.swift in Sources */,
				D27320661C8B109E00E8E5E9 /* HandVC.swift in Sources */,
			);
			runOnlyForDeploymentPostprocessing = 0;
		};
/* End PBXSourcesBuildPhase section */

/* Begin PBXVariantGroup section */
		D27320581C8B102700E8E5E9 /* LaunchScreen.storyboard */ = {
			isa = PBXVariantGroup;
			children = (
				D27320591C8B102700E8E5E9 /* Base */,
			);
			name = LaunchScreen.storyboard;
			sourceTree = "<group>";
		};
/* End PBXVariantGroup section */

/* Begin XCBuildConfiguration section */
		D273205C1C8B102700E8E5E9 /* Debug */ = {
			isa = XCBuildConfiguration;
			buildSettings = {
				ALWAYS_SEARCH_USER_PATHS = NO;
				CLANG_CXX_LANGUAGE_STANDARD = "gnu++0x";
				CLANG_CXX_LIBRARY = "libc++";
				CLANG_ENABLE_MODULES = YES;
				CLANG_ENABLE_OBJC_ARC = YES;
				CLANG_WARN_BOOL_CONVERSION = YES;
				CLANG_WARN_CONSTANT_CONVERSION = YES;
				CLANG_WARN_DIRECT_OBJC_ISA_USAGE = YES_ERROR;
				CLANG_WARN_EMPTY_BODY = YES;
				CLANG_WARN_ENUM_CONVERSION = YES;
				CLANG_WARN_INT_CONVERSION = YES;
				CLANG_WARN_OBJC_ROOT_CLASS = YES_ERROR;
				CLANG_WARN_UNREACHABLE_CODE = YES;
				CLANG_WARN__DUPLICATE_METHOD_MATCH = YES;
				"CODE_SIGN_IDENTITY[sdk=iphoneos*]" = "iPhone Developer";
				COPY_PHASE_STRIP = NO;
				DEBUG_INFORMATION_FORMAT = dwarf;
				ENABLE_STRICT_OBJC_MSGSEND = YES;
				ENABLE_TESTABILITY = YES;
				GCC_C_LANGUAGE_STANDARD = gnu99;
				GCC_DYNAMIC_NO_PIC = NO;
				GCC_NO_COMMON_BLOCKS = YES;
				GCC_OPTIMIZATION_LEVEL = 0;
				GCC_PREPROCESSOR_DEFINITIONS = (
					"DEBUG=1",
					"$(inherited)",
				);
				GCC_WARN_64_TO_32_BIT_CONVERSION = YES;
				GCC_WARN_ABOUT_RETURN_TYPE = YES_ERROR;
				GCC_WARN_UNDECLARED_SELECTOR = YES;
				GCC_WARN_UNINITIALIZED_AUTOS = YES_AGGRESSIVE;
				GCC_WARN_UNUSED_FUNCTION = YES;
				GCC_WARN_UNUSED_VARIABLE = YES;
				IPHONEOS_DEPLOYMENT_TARGET = 9.2;
				MTL_ENABLE_DEBUG_INFO = YES;
				ONLY_ACTIVE_ARCH = YES;
				SDKROOT = iphoneos;
				SWIFT_OPTIMIZATION_LEVEL = "-Onone";
			};
			name = Debug;
		};
		D273205D1C8B102700E8E5E9 /* Release */ = {
			isa = XCBuildConfiguration;
			buildSettings = {
				ALWAYS_SEARCH_USER_PATHS = NO;
				CLANG_CXX_LANGUAGE_STANDARD = "gnu++0x";
				CLANG_CXX_LIBRARY = "libc++";
				CLANG_ENABLE_MODULES = YES;
				CLANG_ENABLE_OBJC_ARC = YES;
				CLANG_WARN_BOOL_CONVERSION = YES;
				CLANG_WARN_CONSTANT_CONVERSION = YES;
				CLANG_WARN_DIRECT_OBJC_ISA_USAGE = YES_ERROR;
				CLANG_WARN_EMPTY_BODY = YES;
				CLANG_WARN_ENUM_CONVERSION = YES;
				CLANG_WARN_INT_CONVERSION = YES;
				CLANG_WARN_OBJC_ROOT_CLASS = YES_ERROR;
				CLANG_WARN_UNREACHABLE_CODE = YES;
				CLANG_WARN__DUPLICATE_METHOD_MATCH = YES;
				"CODE_SIGN_IDENTITY[sdk=iphoneos*]" = "iPhone Developer";
				COPY_PHASE_STRIP = NO;
				DEBUG_INFORMATION_FORMAT = "dwarf-with-dsym";
				ENABLE_NS_ASSERTIONS = NO;
				ENABLE_STRICT_OBJC_MSGSEND = YES;
				GCC_C_LANGUAGE_STANDARD = gnu99;
				GCC_NO_COMMON_BLOCKS = YES;
				GCC_WARN_64_TO_32_BIT_CONVERSION = YES;
				GCC_WARN_ABOUT_RETURN_TYPE = YES_ERROR;
				GCC_WARN_UNDECLARED_SELECTOR = YES;
				GCC_WARN_UNINITIALIZED_AUTOS = YES_AGGRESSIVE;
				GCC_WARN_UNUSED_FUNCTION = YES;
				GCC_WARN_UNUSED_VARIABLE = YES;
				IPHONEOS_DEPLOYMENT_TARGET = 9.2;
				MTL_ENABLE_DEBUG_INFO = NO;
				SDKROOT = iphoneos;
				VALIDATE_PRODUCT = YES;
			};
			name = Release;
		};
		D273205F1C8B102700E8E5E9 /* Debug */ = {
			isa = XCBuildConfiguration;
			buildSettings = {
				ASSETCATALOG_COMPILER_APPICON_NAME = AppIcon;
				INFOPLIST_FILE = "BlendingCultures-After/Info.plist";
				LD_RUNPATH_SEARCH_PATHS = "$(inherited) @executable_path/Frameworks";
				PRODUCT_BUNDLE_IDENTIFIER = "com.karutaapp.BlendingCultures-After";
				PRODUCT_NAME = "$(TARGET_NAME)";
			};
			name = Debug;
		};
		D27320601C8B102700E8E5E9 /* Release */ = {
			isa = XCBuildConfiguration;
			buildSettings = {
				ASSETCATALOG_COMPILER_APPICON_NAME = AppIcon;
				INFOPLIST_FILE = "BlendingCultures-After/Info.plist";
				LD_RUNPATH_SEARCH_PATHS = "$(inherited) @executable_path/Frameworks";
				PRODUCT_BUNDLE_IDENTIFIER = "com.karutaapp.BlendingCultures-After";
				PRODUCT_NAME = "$(TARGET_NAME)";
			};
			name = Release;
		};
/* End XCBuildConfiguration section */

/* Begin XCConfigurationList section */
		D27320471C8B102700E8E5E9 /* Build configuration list for PBXProject "BlendingCultures-After" */ = {
			isa = XCConfigurationList;
			buildConfigurations = (
				D273205C1C8B102700E8E5E9 /* Debug */,
				D273205D1C8B102700E8E5E9 /* Release */,
			);
			defaultConfigurationIsVisible = 0;
			defaultConfigurationName = Release;
		};
		D273205E1C8B102700E8E5E9 /* Build configuration list for PBXNativeTarget "BlendingCultures-After" */ = {
			isa = XCConfigurationList;
			buildConfigurations = (
				D273205F1C8B102700E8E5E9 /* Debug */,
				D27320601C8B102700E8E5E9 /* Release */,
			);
			defaultConfigurationIsVisible = 0;
		};
/* End XCConfigurationList section */
	};
	rootObject = D27320441C8B102700E8E5E9 /* Project object */;
}
